
Microsoft Visual Studio Solution File, Format Version 12.00
# Visual Studio 2012
Project("{FAE04EC0-301F-11D3-BF4B-00C04F79EFBC}") = "CalculadoraBinaria", "CalculadoraBinaria\CalculadoraBinaria.csproj", "{44BA8CAF-D9C4-4562-8AB3-0E659407219F}"
EndProject
Global
	GlobalSection(SolutionConfigurationPlatforms) = preSolution
		Debug|Any CPU = Debug|Any CPU
		Release|Any CPU = Release|Any CPU
	EndGlobalSection
	GlobalSection(ProjectConfigurationPlatforms) = postSolution
		{44BA8CAF-D9C4-4562-8AB3-0E659407219F}.Debug|Any CPU.ActiveCfg = Debug|Any CPU
		{44BA8CAF-D9C4-4562-8AB3-0E659407219F}.Debug|Any CPU.Build.0 = Debug|Any CPU
		{44BA8CAF-D9C4-4562-8AB3-0E659407219F}.Release|Any CPU.ActiveCfg = Release|Any CPU
		{44BA8CAF-D9C4-4562-8AB3-0E659407219F}.Release|Any CPU.Build.0 = Release|Any CPU
	EndGlobalSection
	GlobalSection(SolutionProperties) = preSolution
		HideSolutionNode = FALSE
	EndGlobalSection
EndGlobal
